{
    "name": "pl-CLI",
    "lockfileVersion": 2,
    "requires": true,
    "packages": {
        "": {
            "dependencies": {
                "colors": "^1.4.0",
                "console-read-write": "^0.1.1",
                "fs": "*",
                "http": "*",
                "https": "^1.0.0",
                "os": "^0.1.1"
            },
            "bin": {
                "pl-CLI": "src/app.js"
            }
        },
        "node_modules/await-lock": {
            "version": "1.1.3",
            "license": "MIT"
        },
        "node_modules/colors": {
            "version": "1.4.0",
            "license": "MIT",
            "engines": {
                "node": ">=0.1.90"
            }
        },
        "node_modules/console-read-write": {
            "version": "0.1.1",
            "license": "MIT",
            "dependencies": {
                "await-lock": "1.1.3"
            }
        },
        "node_modules/fs": {
            "version": "0.0.1-security",
            "license": "ISC"
        },
        "node_modules/http": {
            "version": "0.0.1-security"
        },
        "node_modules/https": {
            "version": "1.0.0",
            "license": "ISC"
        },
        "node_modules/os": {
            "version": "0.1.1",
            "license": "MIT"
        }
    },
    "dependencies": {
        "await-lock": {
            "version": "1.1.3"
        },
        "colors": {
            "version": "1.4.0"
        },
        "console-read-write": {
            "version": "0.1.1",
            "requires": {
                "await-lock": "1.1.3"
            }
        },
        "fs": {
            "version": "0.0.1-security"
        },
        "http": {
            "version": "0.0.1-security"
        },
        "https": {
            "version": "1.0.0"
        },
        "os": {
            "version": "0.1.1"
        }
    }
}
